
Microsoft Visual Studio Solution File, Format Version 12.00
# Visual Studio 14
VisualStudioVersion = 14.0.25420.1
MinimumVisualStudioVersion = 10.0.40219.1
Project("{FAE04EC0-301F-11D3-BF4B-00C04F79EFBC}") = "Akokina", "Akokina\Akokina\Akokina.csproj", "{1163C577-2B3D-477C-BA4A-6DE1A55D6BB8}"
EndProject
Project("{FAE04EC0-301F-11D3-BF4B-00C04F79EFBC}") = "Akokina.Droid", "Akokina\Akokina.Droid\Akokina.Droid.csproj", "{58E6298B-ED7A-4AB9-871C-F9320ACDA088}"
EndProject
Project("{FAE04EC0-301F-11D3-BF4B-00C04F79EFBC}") = "Akokina.iOS", "Akokina\Akokina.iOS\Akokina.iOS.csproj", "{FF83CA72-33EA-45AB-980E-892F1BB0FDB6}"
EndProject
Project("{FAE04EC0-301F-11D3-BF4B-00C04F79EFBC}") = "Akokina.WinPhone", "Akokina\Akokina.WinPhone\Akokina.WinPhone.csproj", "{1BDC643E-D195-4997-9649-FEA60FECF7E6}"
EndProject
Project("{FAE04EC0-301F-11D3-BF4B-00C04F79EFBC}") = "Akokina.UWP", "Akokina\Akokina.UWP\Akokina.UWP.csproj", "{4927E476-E8F5-40BE-AB12-EA7A7CD1F739}"
EndProject
Project("{FAE04EC0-301F-11D3-BF4B-00C04F79EFBC}") = "Akokina.Windows", "Akokina\Akokina.Windows\Akokina.Windows.csproj", "{E5504FC5-51D4-448A-A1AB-D0034B1D26E6}"
EndProject
Global
	GlobalSection(SolutionConfigurationPlatforms) = preSolution
		Ad-Hoc|Any CPU = Ad-Hoc|Any CPU
		Ad-Hoc|ARM = Ad-Hoc|ARM
		Ad-Hoc|iPhone = Ad-Hoc|iPhone
		Ad-Hoc|iPhoneSimulator = Ad-Hoc|iPhoneSimulator
		Ad-Hoc|x64 = Ad-Hoc|x64
		Ad-Hoc|x86 = Ad-Hoc|x86
		AppStore|Any CPU = AppStore|Any CPU
		AppStore|ARM = AppStore|ARM
		AppStore|iPhone = AppStore|iPhone
		AppStore|iPhoneSimulator = AppStore|iPhoneSimulator
		AppStore|x64 = AppStore|x64
		AppStore|x86 = AppStore|x86
		Debug|Any CPU = Debug|Any CPU
		Debug|ARM = Debug|ARM
		Debug|iPhone = Debug|iPhone
		Debug|iPhoneSimulator = Debug|iPhoneSimulator
		Debug|x64 = Debug|x64
		Debug|x86 = Debug|x86
		Release|Any CPU = Release|Any CPU
		Release|ARM = Release|ARM
		Release|iPhone = Release|iPhone
		Release|iPhoneSimulator = Release|iPhoneSimulator
		Release|x64 = Release|x64
		Release|x86 = Release|x86
	EndGlobalSection
	GlobalSection(ProjectConfigurationPlatforms) = postSolution
		{1163C577-2B3D-477C-BA4A-6DE1A55D6BB8}.Ad-Hoc|Any CPU.ActiveCfg = Release|Any CPU
		{1163C577-2B3D-477C-BA4A-6DE1A55D6BB8}.Ad-Hoc|Any CPU.Build.0 = Release|Any CPU
		{1163C577-2B3D-477C-BA4A-6DE1A55D6BB8}.Ad-Hoc|ARM.ActiveCfg = Release|Any CPU
		{1163C577-2B3D-477C-BA4A-6DE1A55D6BB8}.Ad-Hoc|ARM.Build.0 = Release|Any CPU
		{1163C577-2B3D-477C-BA4A-6DE1A55D6BB8}.Ad-Hoc|iPhone.ActiveCfg = Release|Any CPU
		{1163C577-2B3D-477C-BA4A-6DE1A55D6BB8}.Ad-Hoc|iPhone.Build.0 = Release|Any CPU
		{1163C577-2B3D-477C-BA4A-6DE1A55D6BB8}.Ad-Hoc|iPhoneSimulator.ActiveCfg = Release|Any CPU
		{1163C577-2B3D-477C-BA4A-6DE1A55D6BB8}.Ad-Hoc|iPhoneSimulator.Build.0 = Release|Any CPU
		{1163C577-2B3D-477C-BA4A-6DE1A55D6BB8}.Ad-Hoc|x64.ActiveCfg = Release|Any CPU
		{1163C577-2B3D-477C-BA4A-6DE1A55D6BB8}.Ad-Hoc|x64.Build.0 = Release|Any CPU
		{1163C577-2B3D-477C-BA4A-6DE1A55D6BB8}.Ad-Hoc|x86.ActiveCfg = Release|Any CPU
		{1163C577-2B3D-477C-BA4A-6DE1A55D6BB8}.Ad-Hoc|x86.Build.0 = Release|Any CPU
		{1163C577-2B3D-477C-BA4A-6DE1A55D6BB8}.AppStore|Any CPU.ActiveCfg = Release|Any CPU
		{1163C577-2B3D-477C-BA4A-6DE1A55D6BB8}.AppStore|Any CPU.Build.0 = Release|Any CPU
		{1163C577-2B3D-477C-BA4A-6DE1A55D6BB8}.AppStore|ARM.ActiveCfg = Release|Any CPU
		{1163C577-2B3D-477C-BA4A-6DE1A55D6BB8}.AppStore|ARM.Build.0 = Release|Any CPU
		{1163C577-2B3D-477C-BA4A-6DE1A55D6BB8}.AppStore|iPhone.ActiveCfg = Release|Any CPU
		{1163C577-2B3D-477C-BA4A-6DE1A55D6BB8}.AppStore|iPhone.Build.0 = Release|Any CPU
		{1163C577-2B3D-477C-BA4A-6DE1A55D6BB8}.AppStore|iPhoneSimulator.ActiveCfg = Release|Any CPU
		{1163C577-2B3D-477C-BA4A-6DE1A55D6BB8}.AppStore|iPhoneSimulator.Build.0 = Release|Any CPU
		{1163C577-2B3D-477C-BA4A-6DE1A55D6BB8}.AppStore|x64.ActiveCfg = Release|Any CPU
		{1163C577-2B3D-477C-BA4A-6DE1A55D6BB8}.AppStore|x64.Build.0 = Release|Any CPU
		{1163C577-2B3D-477C-BA4A-6DE1A55D6BB8}.AppStore|x86.ActiveCfg = Release|Any CPU
		{1163C577-2B3D-477C-BA4A-6DE1A55D6BB8}.AppStore|x86.Build.0 = Release|Any CPU
		{1163C577-2B3D-477C-BA4A-6DE1A55D6BB8}.Debug|Any CPU.ActiveCfg = Debug|Any CPU
		{1163C577-2B3D-477C-BA4A-6DE1A55D6BB8}.Debug|Any CPU.Build.0 = Debug|Any CPU
		{1163C577-2B3D-477C-BA4A-6DE1A55D6BB8}.Debug|ARM.ActiveCfg = Debug|Any CPU
		{1163C577-2B3D-477C-BA4A-6DE1A55D6BB8}.Debug|ARM.Build.0 = Debug|Any CPU
		{1163C577-2B3D-477C-BA4A-6DE1A55D6BB8}.Debug|iPhone.ActiveCfg = Debug|Any CPU
		{1163C577-2B3D-477C-BA4A-6DE1A55D6BB8}.Debug|iPhone.Build.0 = Debug|Any CPU
		{1163C577-2B3D-477C-BA4A-6DE1A55D6BB8}.Debug|iPhoneSimulator.ActiveCfg = Debug|Any CPU
		{1163C577-2B3D-477C-BA4A-6DE1A55D6BB8}.Debug|iPhoneSimulator.Build.0 = Debug|Any CPU
		{1163C577-2B3D-477C-BA4A-6DE1A55D6BB8}.Debug|x64.ActiveCfg = Debug|Any CPU
		{1163C577-2B3D-477C-BA4A-6DE1A55D6BB8}.Debug|x64.Build.0 = Debug|Any CPU
		{1163C577-2B3D-477C-BA4A-6DE1A55D6BB8}.Debug|x86.ActiveCfg = Debug|Any CPU
		{1163C577-2B3D-477C-BA4A-6DE1A55D6BB8}.Debug|x86.Build.0 = Debug|Any CPU
		{1163C577-2B3D-477C-BA4A-6DE1A55D6BB8}.Release|Any CPU.ActiveCfg = Release|Any CPU
		{1163C577-2B3D-477C-BA4A-6DE1A55D6BB8}.Release|Any CPU.Build.0 = Release|Any CPU
		{1163C577-2B3D-477C-BA4A-6DE1A55D6BB8}.Release|ARM.ActiveCfg = Release|Any CPU
		{1163C577-2B3D-477C-BA4A-6DE1A55D6BB8}.Release|ARM.Build.0 = Release|Any CPU
		{1163C577-2B3D-477C-BA4A-6DE1A55D6BB8}.Release|iPhone.ActiveCfg = Release|Any CPU
		{1163C577-2B3D-477C-BA4A-6DE1A55D6BB8}.Release|iPhone.Build.0 = Release|Any CPU
		{1163C577-2B3D-477C-BA4A-6DE1A55D6BB8}.Release|iPhoneSimulator.ActiveCfg = Release|Any CPU
		{1163C577-2B3D-477C-BA4A-6DE1A55D6BB8}.Release|iPhoneSimulator.Build.0 = Release|Any CPU
		{1163C577-2B3D-477C-BA4A-6DE1A55D6BB8}.Release|x64.ActiveCfg = Release|Any CPU
		{1163C577-2B3D-477C-BA4A-6DE1A55D6BB8}.Release|x64.Build.0 = Release|Any CPU
		{1163C577-2B3D-477C-BA4A-6DE1A55D6BB8}.Release|x86.ActiveCfg = Release|Any CPU
		{1163C577-2B3D-477C-BA4A-6DE1A55D6BB8}.Release|x86.Build.0 = Release|Any CPU
		{58E6298B-ED7A-4AB9-871C-F9320ACDA088}.Ad-Hoc|Any CPU.ActiveCfg = Release|Any CPU
		{58E6298B-ED7A-4AB9-871C-F9320ACDA088}.Ad-Hoc|Any CPU.Build.0 = Release|Any CPU
		{58E6298B-ED7A-4AB9-871C-F9320ACDA088}.Ad-Hoc|Any CPU.Deploy.0 = Release|Any CPU
		{58E6298B-ED7A-4AB9-871C-F9320ACDA088}.Ad-Hoc|ARM.ActiveCfg = Release|Any CPU
		{58E6298B-ED7A-4AB9-871C-F9320ACDA088}.Ad-Hoc|ARM.Build.0 = Release|Any CPU
		{58E6298B-ED7A-4AB9-871C-F9320ACDA088}.Ad-Hoc|ARM.Deploy.0 = Release|Any CPU
		{58E6298B-ED7A-4AB9-871C-F9320ACDA088}.Ad-Hoc|iPhone.ActiveCfg = Release|Any CPU
		{58E6298B-ED7A-4AB9-871C-F9320ACDA088}.Ad-Hoc|iPhone.Build.0 = Release|Any CPU
		{58E6298B-ED7A-4AB9-871C-F9320ACDA088}.Ad-Hoc|iPhone.Deploy.0 = Release|Any CPU
		{58E6298B-ED7A-4AB9-871C-F9320ACDA088}.Ad-Hoc|iPhoneSimulator.ActiveCfg = Release|Any CPU
		{58E6298B-ED7A-4AB9-871C-F9320ACDA088}.Ad-Hoc|iPhoneSimulator.Build.0 = Release|Any CPU
		{58E6298B-ED7A-4AB9-871C-F9320ACDA088}.Ad-Hoc|iPhoneSimulator.Deploy.0 = Release|Any CPU
		{58E6298B-ED7A-4AB9-871C-F9320ACDA088}.Ad-Hoc|x64.ActiveCfg = Release|Any CPU
		{58E6298B-ED7A-4AB9-871C-F9320ACDA088}.Ad-Hoc|x64.Build.0 = Release|Any CPU
		{58E6298B-ED7A-4AB9-871C-F9320ACDA088}.Ad-Hoc|x64.Deploy.0 = Release|Any CPU
		{58E6298B-ED7A-4AB9-871C-F9320ACDA088}.Ad-Hoc|x86.ActiveCfg = Release|Any CPU
		{58E6298B-ED7A-4AB9-871C-F9320ACDA088}.Ad-Hoc|x86.Build.0 = Release|Any CPU
		{58E6298B-ED7A-4AB9-871C-F9320ACDA088}.Ad-Hoc|x86.Deploy.0 = Release|Any CPU
		{58E6298B-ED7A-4AB9-871C-F9320ACDA088}.AppStore|Any CPU.ActiveCfg = Release|Any CPU
		{58E6298B-ED7A-4AB9-871C-F9320ACDA088}.AppStore|Any CPU.Build.0 = Release|Any CPU
		{58E6298B-ED7A-4AB9-871C-F9320ACDA088}.AppStore|Any CPU.Deploy.0 = Release|Any CPU
		{58E6298B-ED7A-4AB9-871C-F9320ACDA088}.AppStore|ARM.ActiveCfg = Release|Any CPU
		{58E6298B-ED7A-4AB9-871C-F9320ACDA088}.AppStore|ARM.Build.0 = Release|Any CPU
		{58E6298B-ED7A-4AB9-871C-F9320ACDA088}.AppStore|ARM.Deploy.0 = Release|Any CPU
		{58E6298B-ED7A-4AB9-871C-F9320ACDA088}.AppStore|iPhone.ActiveCfg = Release|Any CPU
		{58E6298B-ED7A-4AB9-871C-F9320ACDA088}.AppStore|iPhone.Build.0 = Release|Any CPU
		{58E6298B-ED7A-4AB9-871C-F9320ACDA088}.AppStore|iPhone.Deploy.0 = Release|Any CPU
		{58E6298B-ED7A-4AB9-871C-F9320ACDA088}.AppStore|iPhoneSimulator.ActiveCfg = Release|Any CPU
		{58E6298B-ED7A-4AB9-871C-F9320ACDA088}.AppStore|iPhoneSimulator.Build.0 = Release|Any CPU
		{58E6298B-ED7A-4AB9-871C-F9320ACDA088}.AppStore|iPhoneSimulator.Deploy.0 = Release|Any CPU
		{58E6298B-ED7A-4AB9-871C-F9320ACDA088}.AppStore|x64.ActiveCfg = Release|Any CPU
		{58E6298B-ED7A-4AB9-871C-F9320ACDA088}.AppStore|x64.Build.0 = Release|Any CPU
		{58E6298B-ED7A-4AB9-871C-F9320ACDA088}.AppStore|x64.Deploy.0 = Release|Any CPU
		{58E6298B-ED7A-4AB9-871C-F9320ACDA088}.AppStore|x86.ActiveCfg = Release|Any CPU
		{58E6298B-ED7A-4AB9-871C-F9320ACDA088}.AppStore|x86.Build.0 = Release|Any CPU
		{58E6298B-ED7A-4AB9-871C-F9320ACDA088}.AppStore|x86.Deploy.0 = Release|Any CPU
		{58E6298B-ED7A-4AB9-871C-F9320ACDA088}.Debug|Any CPU.ActiveCfg = Debug|Any CPU
		{58E6298B-ED7A-4AB9-871C-F9320ACDA088}.Debug|Any CPU.Build.0 = Debug|Any CPU
		{58E6298B-ED7A-4AB9-871C-F9320ACDA088}.Debug|Any CPU.Deploy.0 = Debug|Any CPU
		{58E6298B-ED7A-4AB9-871C-F9320ACDA088}.Debug|ARM.ActiveCfg = Debug|Any CPU
		{58E6298B-ED7A-4AB9-871C-F9320ACDA088}.Debug|ARM.Build.0 = Debug|Any CPU
		{58E6298B-ED7A-4AB9-871C-F9320ACDA088}.Debug|ARM.Deploy.0 = Debug|Any CPU
		{58E6298B-ED7A-4AB9-871C-F9320ACDA088}.Debug|iPhone.ActiveCfg = Debug|Any CPU
		{58E6298B-ED7A-4AB9-871C-F9320ACDA088}.Debug|iPhone.Build.0 = Debug|Any CPU
		{58E6298B-ED7A-4AB9-871C-F9320ACDA088}.Debug|iPhone.Deploy.0 = Debug|Any CPU
		{58E6298B-ED7A-4AB9-871C-F9320ACDA088}.Debug|iPhoneSimulator.ActiveCfg = Debug|Any CPU
		{58E6298B-ED7A-4AB9-871C-F9320ACDA088}.Debug|iPhoneSimulator.Build.0 = Debug|Any CPU
		{58E6298B-ED7A-4AB9-871C-F9320ACDA088}.Debug|iPhoneSimulator.Deploy.0 = Debug|Any CPU
		{58E6298B-ED7A-4AB9-871C-F9320ACDA088}.Debug|x64.ActiveCfg = Debug|Any CPU
		{58E6298B-ED7A-4AB9-871C-F9320ACDA088}.Debug|x64.Build.0 = Debug|Any CPU
		{58E6298B-ED7A-4AB9-871C-F9320ACDA088}.Debug|x64.Deploy.0 = Debug|Any CPU
		{58E6298B-ED7A-4AB9-871C-F9320ACDA088}.Debug|x86.ActiveCfg = Debug|Any CPU
		{58E6298B-ED7A-4AB9-871C-F9320ACDA088}.Debug|x86.Build.0 = Debug|Any CPU
		{58E6298B-ED7A-4AB9-871C-F9320ACDA088}.Debug|x86.Deploy.0 = Debug|Any CPU
		{58E6298B-ED7A-4AB9-871C-F9320ACDA088}.Release|Any CPU.ActiveCfg = Release|Any CPU
		{58E6298B-ED7A-4AB9-871C-F9320ACDA088}.Release|Any CPU.Build.0 = Release|Any CPU
		{58E6298B-ED7A-4AB9-871C-F9320ACDA088}.Release|Any CPU.Deploy.0 = Release|Any CPU
		{58E6298B-ED7A-4AB9-871C-F9320ACDA088}.Release|ARM.ActiveCfg = Release|Any CPU
		{58E6298B-ED7A-4AB9-871C-F9320ACDA088}.Release|ARM.Build.0 = Release|Any CPU
		{58E6298B-ED7A-4AB9-871C-F9320ACDA088}.Release|ARM.Deploy.0 = Release|Any CPU
		{58E6298B-ED7A-4AB9-871C-F9320ACDA088}.Release|iPhone.ActiveCfg = Release|Any CPU
		{58E6298B-ED7A-4AB9-871C-F9320ACDA088}.Release|iPhone.Build.0 = Release|Any CPU
		{58E6298B-ED7A-4AB9-871C-F9320ACDA088}.Release|iPhone.Deploy.0 = Release|Any CPU
		{58E6298B-ED7A-4AB9-871C-F9320ACDA088}.Release|iPhoneSimulator.ActiveCfg = Release|Any CPU
		{58E6298B-ED7A-4AB9-871C-F9320ACDA088}.Release|iPhoneSimulator.Build.0 = Release|Any CPU
		{58E6298B-ED7A-4AB9-871C-F9320ACDA088}.Release|iPhoneSimulator.Deploy.0 = Release|Any CPU
		{58E6298B-ED7A-4AB9-871C-F9320ACDA088}.Release|x64.ActiveCfg = Release|Any CPU
		{58E6298B-ED7A-4AB9-871C-F9320ACDA088}.Release|x64.Build.0 = Release|Any CPU
		{58E6298B-ED7A-4AB9-871C-F9320ACDA088}.Release|x64.Deploy.0 = Release|Any CPU
		{58E6298B-ED7A-4AB9-871C-F9320ACDA088}.Release|x86.ActiveCfg = Release|Any CPU
		{58E6298B-ED7A-4AB9-871C-F9320ACDA088}.Release|x86.Build.0 = Release|Any CPU
		{58E6298B-ED7A-4AB9-871C-F9320ACDA088}.Release|x86.Deploy.0 = Release|Any CPU
		{FF83CA72-33EA-45AB-980E-892F1BB0FDB6}.Ad-Hoc|Any CPU.ActiveCfg = Ad-Hoc|iPhone
		{FF83CA72-33EA-45AB-980E-892F1BB0FDB6}.Ad-Hoc|ARM.ActiveCfg = Ad-Hoc|iPhone
		{FF83CA72-33EA-45AB-980E-892F1BB0FDB6}.Ad-Hoc|iPhone.ActiveCfg = Ad-Hoc|iPhone
		{FF83CA72-33EA-45AB-980E-892F1BB0FDB6}.Ad-Hoc|iPhone.Build.0 = Ad-Hoc|iPhone
		{FF83CA72-33EA-45AB-980E-892F1BB0FDB6}.Ad-Hoc|iPhoneSimulator.ActiveCfg = Ad-Hoc|iPhoneSimulator
		{FF83CA72-33EA-45AB-980E-892F1BB0FDB6}.Ad-Hoc|iPhoneSimulator.Build.0 = Ad-Hoc|iPhoneSimulator
		{FF83CA72-33EA-45AB-980E-892F1BB0FDB6}.Ad-Hoc|x64.ActiveCfg = Ad-Hoc|iPhone
		{FF83CA72-33EA-45AB-980E-892F1BB0FDB6}.Ad-Hoc|x86.ActiveCfg = Ad-Hoc|iPhone
		{FF83CA72-33EA-45AB-980E-892F1BB0FDB6}.AppStore|Any CPU.ActiveCfg = AppStore|iPhone
		{FF83CA72-33EA-45AB-980E-892F1BB0FDB6}.AppStore|ARM.ActiveCfg = AppStore|iPhone
		{FF83CA72-33EA-45AB-980E-892F1BB0FDB6}.AppStore|iPhone.ActiveCfg = AppStore|iPhone
		{FF83CA72-33EA-45AB-980E-892F1BB0FDB6}.AppStore|iPhone.Build.0 = AppStore|iPhone
		{FF83CA72-33EA-45AB-980E-892F1BB0FDB6}.AppStore|iPhoneSimulator.ActiveCfg = AppStore|iPhoneSimulator
		{FF83CA72-33EA-45AB-980E-892F1BB0FDB6}.AppStore|iPhoneSimulator.Build.0 = AppStore|iPhoneSimulator
		{FF83CA72-33EA-45AB-980E-892F1BB0FDB6}.AppStore|x64.ActiveCfg = AppStore|iPhone
		{FF83CA72-33EA-45AB-980E-892F1BB0FDB6}.AppStore|x86.ActiveCfg = AppStore|iPhone
		{FF83CA72-33EA-45AB-980E-892F1BB0FDB6}.Debug|Any CPU.ActiveCfg = Debug|iPhone
		{FF83CA72-33EA-45AB-980E-892F1BB0FDB6}.Debug|ARM.ActiveCfg = Debug|iPhone
		{FF83CA72-33EA-45AB-980E-892F1BB0FDB6}.Debug|iPhone.ActiveCfg = Debug|iPhone
		{FF83CA72-33EA-45AB-980E-892F1BB0FDB6}.Debug|iPhone.Build.0 = Debug|iPhone
		{FF83CA72-33EA-45AB-980E-892F1BB0FDB6}.Debug|iPhoneSimulator.ActiveCfg = Debug|iPhoneSimulator
		{FF83CA72-33EA-45AB-980E-892F1BB0FDB6}.Debug|iPhoneSimulator.Build.0 = Debug|iPhoneSimulator
		{FF83CA72-33EA-45AB-980E-892F1BB0FDB6}.Debug|x64.ActiveCfg = Debug|iPhone
		{FF83CA72-33EA-45AB-980E-892F1BB0FDB6}.Debug|x86.ActiveCfg = Debug|iPhone
		{FF83CA72-33EA-45AB-980E-892F1BB0FDB6}.Release|Any CPU.ActiveCfg = Release|iPhone
		{FF83CA72-33EA-45AB-980E-892F1BB0FDB6}.Release|ARM.ActiveCfg = Release|iPhone
		{FF83CA72-33EA-45AB-980E-892F1BB0FDB6}.Release|iPhone.ActiveCfg = Release|iPhone
		{FF83CA72-33EA-45AB-980E-892F1BB0FDB6}.Release|iPhone.Build.0 = Release|iPhone
		{FF83CA72-33EA-45AB-980E-892F1BB0FDB6}.Release|iPhoneSimulator.ActiveCfg = Release|iPhoneSimulator
		{FF83CA72-33EA-45AB-980E-892F1BB0FDB6}.Release|iPhoneSimulator.Build.0 = Release|iPhoneSimulator
		{FF83CA72-33EA-45AB-980E-892F1BB0FDB6}.Release|x64.ActiveCfg = Release|iPhone
		{FF83CA72-33EA-45AB-980E-892F1BB0FDB6}.Release|x86.ActiveCfg = Release|iPhone
		{1BDC643E-D195-4997-9649-FEA60FECF7E6}.Ad-Hoc|Any CPU.ActiveCfg = Release|Any CPU
		{1BDC643E-D195-4997-9649-FEA60FECF7E6}.Ad-Hoc|Any CPU.Build.0 = Release|Any CPU
		{1BDC643E-D195-4997-9649-FEA60FECF7E6}.Ad-Hoc|Any CPU.Deploy.0 = Release|Any CPU
		{1BDC643E-D195-4997-9649-FEA60FECF7E6}.Ad-Hoc|ARM.ActiveCfg = Release|ARM
		{1BDC643E-D195-4997-9649-FEA60FECF7E6}.Ad-Hoc|ARM.Build.0 = Release|ARM
		{1BDC643E-D195-4997-9649-FEA60FECF7E6}.Ad-Hoc|ARM.Deploy.0 = Release|ARM
		{1BDC643E-D195-4997-9649-FEA60FECF7E6}.Ad-Hoc|iPhone.ActiveCfg = Release|Any CPU
		{1BDC643E-D195-4997-9649-FEA60FECF7E6}.Ad-Hoc|iPhone.Build.0 = Release|Any CPU
		{1BDC643E-D195-4997-9649-FEA60FECF7E6}.Ad-Hoc|iPhone.Deploy.0 = Release|Any CPU
		{1BDC643E-D195-4997-9649-FEA60FECF7E6}.Ad-Hoc|iPhoneSimulator.ActiveCfg = Release|Any CPU
		{1BDC643E-D195-4997-9649-FEA60FECF7E6}.Ad-Hoc|iPhoneSimulator.Build.0 = Release|Any CPU
		{1BDC643E-D195-4997-9649-FEA60FECF7E6}.Ad-Hoc|iPhoneSimulator.Deploy.0 = Release|Any CPU
		{1BDC643E-D195-4997-9649-FEA60FECF7E6}.Ad-Hoc|x64.ActiveCfg = Release|Any CPU
		{1BDC643E-D195-4997-9649-FEA60FECF7E6}.Ad-Hoc|x64.Build.0 = Release|Any CPU
		{1BDC643E-D195-4997-9649-FEA60FECF7E6}.Ad-Hoc|x64.Deploy.0 = Release|Any CPU
		{1BDC643E-D195-4997-9649-FEA60FECF7E6}.Ad-Hoc|x86.ActiveCfg = Release|x86
		{1BDC643E-D195-4997-9649-FEA60FECF7E6}.Ad-Hoc|x86.Build.0 = Release|x86
		{1BDC643E-D195-4997-9649-FEA60FECF7E6}.Ad-Hoc|x86.Deploy.0 = Release|x86
		{1BDC643E-D195-4997-9649-FEA60FECF7E6}.AppStore|Any CPU.ActiveCfg = Release|Any CPU
		{1BDC643E-D195-4997-9649-FEA60FECF7E6}.AppStore|Any CPU.Build.0 = Release|Any CPU
		{1BDC643E-D195-4997-9649-FEA60FECF7E6}.AppStore|Any CPU.Deploy.0 = Release|Any CPU
		{1BDC643E-D195-4997-9649-FEA60FECF7E6}.AppStore|ARM.ActiveCfg = Release|ARM
		{1BDC643E-D195-4997-9649-FEA60FECF7E6}.AppStore|ARM.Build.0 = Release|ARM
		{1BDC643E-D195-4997-9649-FEA60FECF7E6}.AppStore|ARM.Deploy.0 = Release|ARM
		{1BDC643E-D195-4997-9649-FEA60FECF7E6}.AppStore|iPhone.ActiveCfg = Release|Any CPU
		{1BDC643E-D195-4997-9649-FEA60FECF7E6}.AppStore|iPhone.Build.0 = Release|Any CPU
		{1BDC643E-D195-4997-9649-FEA60FECF7E6}.AppStore|iPhone.Deploy.0 = Release|Any CPU
		{1BDC643E-D195-4997-9649-FEA60FECF7E6}.AppStore|iPhoneSimulator.ActiveCfg = Release|Any CPU
		{1BDC643E-D195-4997-9649-FEA60FECF7E6}.AppStore|iPhoneSimulator.Build.0 = Release|Any CPU
		{1BDC643E-D195-4997-9649-FEA60FECF7E6}.AppStore|iPhoneSimulator.Deploy.0 = Release|Any CPU
		{1BDC643E-D195-4997-9649-FEA60FECF7E6}.AppStore|x64.ActiveCfg = Release|Any CPU
		{1BDC643E-D195-4997-9649-FEA60FECF7E6}.AppStore|x64.Build.0 = Release|Any CPU
		{1BDC643E-D195-4997-9649-FEA60FECF7E6}.AppStore|x64.Deploy.0 = Release|Any CPU
		{1BDC643E-D195-4997-9649-FEA60FECF7E6}.AppStore|x86.ActiveCfg = Release|x86
		{1BDC643E-D195-4997-9649-FEA60FECF7E6}.AppStore|x86.Build.0 = Release|x86
		{1BDC643E-D195-4997-9649-FEA60FECF7E6}.AppStore|x86.Deploy.0 = Release|x86
		{1BDC643E-D195-4997-9649-FEA60FECF7E6}.Debug|Any CPU.ActiveCfg = Debug|Any CPU
		{1BDC643E-D195-4997-9649-FEA60FECF7E6}.Debug|Any CPU.Build.0 = Debug|Any CPU
		{1BDC643E-D195-4997-9649-FEA60FECF7E6}.Debug|Any CPU.Deploy.0 = Debug|Any CPU
		{1BDC643E-D195-4997-9649-FEA60FECF7E6}.Debug|ARM.ActiveCfg = Debug|ARM
		{1BDC643E-D195-4997-9649-FEA60FECF7E6}.Debug|ARM.Build.0 = Debug|ARM
		{1BDC643E-D195-4997-9649-FEA60FECF7E6}.Debug|ARM.Deploy.0 = Debug|ARM
		{1BDC643E-D195-4997-9649-FEA60FECF7E6}.Debug|iPhone.ActiveCfg = Debug|Any CPU
		{1BDC643E-D195-4997-9649-FEA60FECF7E6}.Debug|iPhone.Build.0 = Debug|Any CPU
		{1BDC643E-D195-4997-9649-FEA60FECF7E6}.Debug|iPhone.Deploy.0 = Debug|Any CPU
		{1BDC643E-D195-4997-9649-FEA60FECF7E6}.Debug|iPhoneSimulator.ActiveCfg = Debug|Any CPU
		{1BDC643E-D195-4997-9649-FEA60FECF7E6}.Debug|iPhoneSimulator.Build.0 = Debug|Any CPU
		{1BDC643E-D195-4997-9649-FEA60FECF7E6}.Debug|iPhoneSimulator.Deploy.0 = Debug|Any CPU
		{1BDC643E-D195-4997-9649-FEA60FECF7E6}.Debug|x64.ActiveCfg = Debug|Any CPU
		{1BDC643E-D195-4997-9649-FEA60FECF7E6}.Debug|x64.Build.0 = Debug|Any CPU
		{1BDC643E-D195-4997-9649-FEA60FECF7E6}.Debug|x64.Deploy.0 = Debug|Any CPU
		{1BDC643E-D195-4997-9649-FEA60FECF7E6}.Debug|x86.ActiveCfg = Debug|x86
		{1BDC643E-D195-4997-9649-FEA60FECF7E6}.Debug|x86.Build.0 = Debug|x86
		{1BDC643E-D195-4997-9649-FEA60FECF7E6}.Debug|x86.Deploy.0 = Debug|x86
		{1BDC643E-D195-4997-9649-FEA60FECF7E6}.Release|Any CPU.ActiveCfg = Release|Any CPU
		{1BDC643E-D195-4997-9649-FEA60FECF7E6}.Release|Any CPU.Build.0 = Release|Any CPU
		{1BDC643E-D195-4997-9649-FEA60FECF7E6}.Release|Any CPU.Deploy.0 = Release|Any CPU
		{1BDC643E-D195-4997-9649-FEA60FECF7E6}.Release|ARM.ActiveCfg = Release|ARM
		{1BDC643E-D195-4997-9649-FEA60FECF7E6}.Release|ARM.Build.0 = Release|ARM
		{1BDC643E-D195-4997-9649-FEA60FECF7E6}.Release|ARM.Deploy.0 = Release|ARM
		{1BDC643E-D195-4997-9649-FEA60FECF7E6}.Release|iPhone.ActiveCfg = Release|Any CPU
		{1BDC643E-D195-4997-9649-FEA60FECF7E6}.Release|iPhone.Build.0 = Release|Any CPU
		{1BDC643E-D195-4997-9649-FEA60FECF7E6}.Release|iPhone.Deploy.0 = Release|Any CPU
		{1BDC643E-D195-4997-9649-FEA60FECF7E6}.Release|iPhoneSimulator.ActiveCfg = Release|Any CPU
		{1BDC643E-D195-4997-9649-FEA60FECF7E6}.Release|iPhoneSimulator.Build.0 = Release|Any CPU
		{1BDC643E-D195-4997-9649-FEA60FECF7E6}.Release|iPhoneSimulator.Deploy.0 = Release|Any CPU
		{1BDC643E-D195-4997-9649-FEA60FECF7E6}.Release|x64.ActiveCfg = Release|Any CPU
		{1BDC643E-D195-4997-9649-FEA60FECF7E6}.Release|x64.Build.0 = Release|Any CPU
		{1BDC643E-D195-4997-9649-FEA60FECF7E6}.Release|x64.Deploy.0 = Release|Any CPU
		{1BDC643E-D195-4997-9649-FEA60FECF7E6}.Release|x86.ActiveCfg = Release|x86
		{1BDC643E-D195-4997-9649-FEA60FECF7E6}.Release|x86.Build.0 = Release|x86
		{1BDC643E-D195-4997-9649-FEA60FECF7E6}.Release|x86.Deploy.0 = Release|x86
		{4927E476-E8F5-40BE-AB12-EA7A7CD1F739}.Ad-Hoc|Any CPU.ActiveCfg = Release|x86
		{4927E476-E8F5-40BE-AB12-EA7A7CD1F739}.Ad-Hoc|Any CPU.Build.0 = Release|x86
		{4927E476-E8F5-40BE-AB12-EA7A7CD1F739}.Ad-Hoc|Any CPU.Deploy.0 = Release|x86
		{4927E476-E8F5-40BE-AB12-EA7A7CD1F739}.Ad-Hoc|ARM.ActiveCfg = Release|ARM
		{4927E476-E8F5-40BE-AB12-EA7A7CD1F739}.Ad-Hoc|ARM.Build.0 = Release|ARM
		{4927E476-E8F5-40BE-AB12-EA7A7CD1F739}.Ad-Hoc|ARM.Deploy.0 = Release|ARM
		{4927E476-E8F5-40BE-AB12-EA7A7CD1F739}.Ad-Hoc|iPhone.ActiveCfg = Release|x86
		{4927E476-E8F5-40BE-AB12-EA7A7CD1F739}.Ad-Hoc|iPhone.Build.0 = Release|x86
		{4927E476-E8F5-40BE-AB12-EA7A7CD1F739}.Ad-Hoc|iPhone.Deploy.0 = Release|x86
		{4927E476-E8F5-40BE-AB12-EA7A7CD1F739}.Ad-Hoc|iPhoneSimulator.ActiveCfg = Release|x86
		{4927E476-E8F5-40BE-AB12-EA7A7CD1F739}.Ad-Hoc|iPhoneSimulator.Build.0 = Release|x86
		{4927E476-E8F5-40BE-AB12-EA7A7CD1F739}.Ad-Hoc|iPhoneSimulator.Deploy.0 = Release|x86
		{4927E476-E8F5-40BE-AB12-EA7A7CD1F739}.Ad-Hoc|x64.ActiveCfg = Release|x64
		{4927E476-E8F5-40BE-AB12-EA7A7CD1F739}.Ad-Hoc|x64.Build.0 = Release|x64
		{4927E476-E8F5-40BE-AB12-EA7A7CD1F739}.Ad-Hoc|x64.Deploy.0 = Release|x64
		{4927E476-E8F5-40BE-AB12-EA7A7CD1F739}.Ad-Hoc|x86.ActiveCfg = Release|x86
		{4927E476-E8F5-40BE-AB12-EA7A7CD1F739}.Ad-Hoc|x86.Build.0 = Release|x86
		{4927E476-E8F5-40BE-AB12-EA7A7CD1F739}.Ad-Hoc|x86.Deploy.0 = Release|x86
		{4927E476-E8F5-40BE-AB12-EA7A7CD1F739}.AppStore|Any CPU.ActiveCfg = Release|x86
		{4927E476-E8F5-40BE-AB12-EA7A7CD1F739}.AppStore|Any CPU.Build.0 = Release|x86
		{4927E476-E8F5-40BE-AB12-EA7A7CD1F739}.AppStore|Any CPU.Deploy.0 = Release|x86
		{4927E476-E8F5-40BE-AB12-EA7A7CD1F739}.AppStore|ARM.ActiveCfg = Release|ARM
		{4927E476-E8F5-40BE-AB12-EA7A7CD1F739}.AppStore|ARM.Build.0 = Release|ARM
		{4927E476-E8F5-40BE-AB12-EA7A7CD1F739}.AppStore|ARM.Deploy.0 = Release|ARM
		{4927E476-E8F5-40BE-AB12-EA7A7CD1F739}.AppStore|iPhone.ActiveCfg = Release|x86
		{4927E476-E8F5-40BE-AB12-EA7A7CD1F739}.AppStore|iPhone.Build.0 = Release|x86
		{4927E476-E8F5-40BE-AB12-EA7A7CD1F739}.AppStore|iPhone.Deploy.0 = Release|x86
		{4927E476-E8F5-40BE-AB12-EA7A7CD1F739}.AppStore|iPhoneSimulator.ActiveCfg = Release|x86
		{4927E476-E8F5-40BE-AB12-EA7A7CD1F739}.AppStore|iPhoneSimulator.Build.0 = Release|x86
		{4927E476-E8F5-40BE-AB12-EA7A7CD1F739}.AppStore|iPhoneSimulator.Deploy.0 = Release|x86
		{4927E476-E8F5-40BE-AB12-EA7A7CD1F739}.AppStore|x64.ActiveCfg = Release|x64
		{4927E476-E8F5-40BE-AB12-EA7A7CD1F739}.AppStore|x64.Build.0 = Release|x64
		{4927E476-E8F5-40BE-AB12-EA7A7CD1F739}.AppStore|x64.Deploy.0 = Release|x64
		{4927E476-E8F5-40BE-AB12-EA7A7CD1F739}.AppStore|x86.ActiveCfg = Release|x86
		{4927E476-E8F5-40BE-AB12-EA7A7CD1F739}.AppStore|x86.Build.0 = Release|x86
		{4927E476-E8F5-40BE-AB12-EA7A7CD1F739}.AppStore|x86.Deploy.0 = Release|x86
		{4927E476-E8F5-40BE-AB12-EA7A7CD1F739}.Debug|Any CPU.ActiveCfg = Debug|x86
		{4927E476-E8F5-40BE-AB12-EA7A7CD1F739}.Debug|ARM.ActiveCfg = Debug|ARM
		{4927E476-E8F5-40BE-AB12-EA7A7CD1F739}.Debug|ARM.Build.0 = Debug|ARM
		{4927E476-E8F5-40BE-AB12-EA7A7CD1F739}.Debug|ARM.Deploy.0 = Debug|ARM
		{4927E476-E8F5-40BE-AB12-EA7A7CD1F739}.Debug|iPhone.ActiveCfg = Debug|x86
		{4927E476-E8F5-40BE-AB12-EA7A7CD1F739}.Debug|iPhoneSimulator.ActiveCfg = Debug|x86
		{4927E476-E8F5-40BE-AB12-EA7A7CD1F739}.Debug|x64.ActiveCfg = Debug|x64
		{4927E476-E8F5-40BE-AB12-EA7A7CD1F739}.Debug|x64.Build.0 = Debug|x64
		{4927E476-E8F5-40BE-AB12-EA7A7CD1F739}.Debug|x64.Deploy.0 = Debug|x64
		{4927E476-E8F5-40BE-AB12-EA7A7CD1F739}.Debug|x86.ActiveCfg = Debug|x86
		{4927E476-E8F5-40BE-AB12-EA7A7CD1F739}.Debug|x86.Build.0 = Debug|x86
		{4927E476-E8F5-40BE-AB12-EA7A7CD1F739}.Debug|x86.Deploy.0 = Debug|x86
		{4927E476-E8F5-40BE-AB12-EA7A7CD1F739}.Release|Any CPU.ActiveCfg = Release|x86
		{4927E476-E8F5-40BE-AB12-EA7A7CD1F739}.Release|ARM.ActiveCfg = Release|ARM
		{4927E476-E8F5-40BE-AB12-EA7A7CD1F739}.Release|ARM.Build.0 = Release|ARM
		{4927E476-E8F5-40BE-AB12-EA7A7CD1F739}.Release|ARM.Deploy.0 = Release|ARM
		{4927E476-E8F5-40BE-AB12-EA7A7CD1F739}.Release|iPhone.ActiveCfg = Release|x86
		{4927E476-E8F5-40BE-AB12-EA7A7CD1F739}.Release|iPhoneSimulator.ActiveCfg = Release|x86
		{4927E476-E8F5-40BE-AB12-EA7A7CD1F739}.Release|x64.ActiveCfg = Release|x64
		{4927E476-E8F5-40BE-AB12-EA7A7CD1F739}.Release|x64.Build.0 = Release|x64
		{4927E476-E8F5-40BE-AB12-EA7A7CD1F739}.Release|x64.Deploy.0 = Release|x64
		{4927E476-E8F5-40BE-AB12-EA7A7CD1F739}.Release|x86.ActiveCfg = Release|x86
		{4927E476-E8F5-40BE-AB12-EA7A7CD1F739}.Release|x86.Build.0 = Release|x86
		{4927E476-E8F5-40BE-AB12-EA7A7CD1F739}.Release|x86.Deploy.0 = Release|x86
		{E5504FC5-51D4-448A-A1AB-D0034B1D26E6}.Ad-Hoc|Any CPU.ActiveCfg = Release|Any CPU
		{E5504FC5-51D4-448A-A1AB-D0034B1D26E6}.Ad-Hoc|Any CPU.Build.0 = Release|Any CPU
		{E5504FC5-51D4-448A-A1AB-D0034B1D26E6}.Ad-Hoc|Any CPU.Deploy.0 = Release|Any CPU
		{E5504FC5-51D4-448A-A1AB-D0034B1D26E6}.Ad-Hoc|ARM.ActiveCfg = Release|ARM
		{E5504FC5-51D4-448A-A1AB-D0034B1D26E6}.Ad-Hoc|ARM.Build.0 = Release|ARM
		{E5504FC5-51D4-448A-A1AB-D0034B1D26E6}.Ad-Hoc|ARM.Deploy.0 = Release|ARM
		{E5504FC5-51D4-448A-A1AB-D0034B1D26E6}.Ad-Hoc|iPhone.ActiveCfg = Release|Any CPU
		{E5504FC5-51D4-448A-A1AB-D0034B1D26E6}.Ad-Hoc|iPhone.Build.0 = Release|Any CPU
		{E5504FC5-51D4-448A-A1AB-D0034B1D26E6}.Ad-Hoc|iPhone.Deploy.0 = Release|Any CPU
		{E5504FC5-51D4-448A-A1AB-D0034B1D26E6}.Ad-Hoc|iPhoneSimulator.ActiveCfg = Release|Any CPU
		{E5504FC5-51D4-448A-A1AB-D0034B1D26E6}.Ad-Hoc|iPhoneSimulator.Build.0 = Release|Any CPU
		{E5504FC5-51D4-448A-A1AB-D0034B1D26E6}.Ad-Hoc|iPhoneSimulator.Deploy.0 = Release|Any CPU
		{E5504FC5-51D4-448A-A1AB-D0034B1D26E6}.Ad-Hoc|x64.ActiveCfg = Release|x64
		{E5504FC5-51D4-448A-A1AB-D0034B1D26E6}.Ad-Hoc|x64.Build.0 = Release|x64
		{E5504FC5-51D4-448A-A1AB-D0034B1D26E6}.Ad-Hoc|x64.Deploy.0 = Release|x64
		{E5504FC5-51D4-448A-A1AB-D0034B1D26E6}.Ad-Hoc|x86.ActiveCfg = Release|x86
		{E5504FC5-51D4-448A-A1AB-D0034B1D26E6}.Ad-Hoc|x86.Build.0 = Release|x86
		{E5504FC5-51D4-448A-A1AB-D0034B1D26E6}.Ad-Hoc|x86.Deploy.0 = Release|x86
		{E5504FC5-51D4-448A-A1AB-D0034B1D26E6}.AppStore|Any CPU.ActiveCfg = Release|Any CPU
		{E5504FC5-51D4-448A-A1AB-D0034B1D26E6}.AppStore|Any CPU.Build.0 = Release|Any CPU
		{E5504FC5-51D4-448A-A1AB-D0034B1D26E6}.AppStore|Any CPU.Deploy.0 = Release|Any CPU
		{E5504FC5-51D4-448A-A1AB-D0034B1D26E6}.AppStore|ARM.ActiveCfg = Release|ARM
		{E5504FC5-51D4-448A-A1AB-D0034B1D26E6}.AppStore|ARM.Build.0 = Release|ARM
		{E5504FC5-51D4-448A-A1AB-D0034B1D26E6}.AppStore|ARM.Deploy.0 = Release|ARM
		{E5504FC5-51D4-448A-A1AB-D0034B1D26E6}.AppStore|iPhone.ActiveCfg = Release|Any CPU
		{E5504FC5-51D4-448A-A1AB-D0034B1D26E6}.AppStore|iPhone.Build.0 = Release|Any CPU
		{E5504FC5-51D4-448A-A1AB-D0034B1D26E6}.AppStore|iPhone.Deploy.0 = Release|Any CPU
		{E5504FC5-51D4-448A-A1AB-D0034B1D26E6}.AppStore|iPhoneSimulator.ActiveCfg = Release|Any CPU
		{E5504FC5-51D4-448A-A1AB-D0034B1D26E6}.AppStore|iPhoneSimulator.Build.0 = Release|Any CPU
		{E5504FC5-51D4-448A-A1AB-D0034B1D26E6}.AppStore|iPhoneSimulator.Deploy.0 = Release|Any CPU
		{E5504FC5-51D4-448A-A1AB-D0034B1D26E6}.AppStore|x64.ActiveCfg = Release|x64
		{E5504FC5-51D4-448A-A1AB-D0034B1D26E6}.AppStore|x64.Build.0 = Release|x64
		{E5504FC5-51D4-448A-A1AB-D0034B1D26E6}.AppStore|x64.Deploy.0 = Release|x64
		{E5504FC5-51D4-448A-A1AB-D0034B1D26E6}.AppStore|x86.ActiveCfg = Release|x86
		{E5504FC5-51D4-448A-A1AB-D0034B1D26E6}.AppStore|x86.Build.0 = Release|x86
		{E5504FC5-51D4-448A-A1AB-D0034B1D26E6}.AppStore|x86.Deploy.0 = Release|x86
		{E5504FC5-51D4-448A-A1AB-D0034B1D26E6}.Debug|Any CPU.ActiveCfg = Debug|Any CPU
		{E5504FC5-51D4-448A-A1AB-D0034B1D26E6}.Debug|Any CPU.Build.0 = Debug|Any CPU
		{E5504FC5-51D4-448A-A1AB-D0034B1D26E6}.Debug|Any CPU.Deploy.0 = Debug|Any CPU
		{E5504FC5-51D4-448A-A1AB-D0034B1D26E6}.Debug|ARM.ActiveCfg = Debug|ARM
		{E5504FC5-51D4-448A-A1AB-D0034B1D26E6}.Debug|ARM.Build.0 = Debug|ARM
		{E5504FC5-51D4-448A-A1AB-D0034B1D26E6}.Debug|ARM.Deploy.0 = Debug|ARM
		{E5504FC5-51D4-448A-A1AB-D0034B1D26E6}.Debug|iPhone.ActiveCfg = Debug|Any CPU
		{E5504FC5-51D4-448A-A1AB-D0034B1D26E6}.Debug|iPhone.Build.0 = Debug|Any CPU
		{E5504FC5-51D4-448A-A1AB-D0034B1D26E6}.Debug|iPhone.Deploy.0 = Debug|Any CPU
		{E5504FC5-51D4-448A-A1AB-D0034B1D26E6}.Debug|iPhoneSimulator.ActiveCfg = Debug|Any CPU
		{E5504FC5-51D4-448A-A1AB-D0034B1D26E6}.Debug|iPhoneSimulator.Build.0 = Debug|Any CPU
		{E5504FC5-51D4-448A-A1AB-D0034B1D26E6}.Debug|iPhoneSimulator.Deploy.0 = Debug|Any CPU
		{E5504FC5-51D4-448A-A1AB-D0034B1D26E6}.Debug|x64.ActiveCfg = Debug|x64
		{E5504FC5-51D4-448A-A1AB-D0034B1D26E6}.Debug|x64.Build.0 = Debug|x64
		{E5504FC5-51D4-448A-A1AB-D0034B1D26E6}.Debug|x64.Deploy.0 = Debug|x64
		{E5504FC5-51D4-448A-A1AB-D0034B1D26E6}.Debug|x86.ActiveCfg = Debug|x86
		{E5504FC5-51D4-448A-A1AB-D0034B1D26E6}.Debug|x86.Build.0 = Debug|x86
		{E5504FC5-51D4-448A-A1AB-D0034B1D26E6}.Debug|x86.Deploy.0 = Debug|x86
		{E5504FC5-51D4-448A-A1AB-D0034B1D26E6}.Release|Any CPU.ActiveCfg = Release|Any CPU
		{E5504FC5-51D4-448A-A1AB-D0034B1D26E6}.Release|Any CPU.Build.0 = Release|Any CPU
		{E5504FC5-51D4-448A-A1AB-D0034B1D26E6}.Release|Any CPU.Deploy.0 = Release|Any CPU
		{E5504FC5-51D4-448A-A1AB-D0034B1D26E6}.Release|ARM.ActiveCfg = Release|ARM
		{E5504FC5-51D4-448A-A1AB-D0034B1D26E6}.Release|ARM.Build.0 = Release|ARM
		{E5504FC5-51D4-448A-A1AB-D0034B1D26E6}.Release|ARM.Deploy.0 = Release|ARM
		{E5504FC5-51D4-448A-A1AB-D0034B1D26E6}.Release|iPhone.ActiveCfg = Release|Any CPU
		{E5504FC5-51D4-448A-A1AB-D0034B1D26E6}.Release|iPhone.Build.0 = Release|Any CPU
		{E5504FC5-51D4-448A-A1AB-D0034B1D26E6}.Release|iPhone.Deploy.0 = Release|Any CPU
		{E5504FC5-51D4-448A-A1AB-D0034B1D26E6}.Release|iPhoneSimulator.ActiveCfg = Release|Any CPU
		{E5504FC5-51D4-448A-A1AB-D0034B1D26E6}.Release|iPhoneSimulator.Build.0 = Release|Any CPU
		{E5504FC5-51D4-448A-A1AB-D0034B1D26E6}.Release|iPhoneSimulator.Deploy.0 = Release|Any CPU
		{E5504FC5-51D4-448A-A1AB-D0034B1D26E6}.Release|x64.ActiveCfg = Release|x64
		{E5504FC5-51D4-448A-A1AB-D0034B1D26E6}.Release|x64.Build.0 = Release|x64
		{E5504FC5-51D4-448A-A1AB-D0034B1D26E6}.Release|x64.Deploy.0 = Release|x64
		{E5504FC5-51D4-448A-A1AB-D0034B1D26E6}.Release|x86.ActiveCfg = Release|x86
		{E5504FC5-51D4-448A-A1AB-D0034B1D26E6}.Release|x86.Build.0 = Release|x86
		{E5504FC5-51D4-448A-A1AB-D0034B1D26E6}.Release|x86.Deploy.0 = Release|x86
	EndGlobalSection
	GlobalSection(SolutionProperties) = preSolution
		HideSolutionNode = FALSE
	EndGlobalSection
EndGlobal
